// !$*UTF8*$!
{
	archiveVersion = 1;
	classes = {
	};
	objectVersion = 46;
	objects = {

/* Begin PBXBuildFile section */
		3EF9E9231BC70FB200D9BA2F /* main.cpp in Sources */ = {isa = PBXBuildFile; fileRef = 3EF9E9221BC70FB200D9BA2F /* main.cpp */; };
/* End PBXBuildFile section */

/* Begin PBXCopyFilesBuildPhase section */
		3EF9E91D1BC70FB100D9BA2F /* CopyFiles */ = {
			isa = PBXCopyFilesBuildPhase;
			buildActionMask = 2147483647;
			dstPath = /usr/share/man/man1/;
			dstSubfolderSpec = 0;
			files = (
			);
			runOnlyForDeploymentPostprocessing = 1;
		};
/* End PBXCopyFilesBuildPhase section */

/* Begin PBXFileReference section */
		3EF9E91F1BC70FB200D9BA2F /* Pointer size */ = {isa = PBXFileReference; explicitFileType = "compiled.mach-o.executable"; includeInIndex = 0; path = "Pointer size"; sourceTree = BUILT_PRODUCTS_DIR; };
		3EF9E9221BC70FB200D9BA2F /* main.cpp */ = {isa = PBXFileReference; lastKnownFileType = sourcecode.cpp.cpp; path = main.cpp; sourceTree = "<group>"; };
/* End PBXFileReference section */

/* Begin PBXFrameworksBuildPhase section */
		3EF9E91C1BC70FB100D9BA2F /* Frameworks */ = {
			isa = PBXFrameworksBuildPhase;
			buildActionMask = 2147483647;
			files = (
			);
			runOnlyForDeploymentPostprocessing = 0;
		};
/* End PBXFrameworksBuildPhase section */

/* Begin PBXGroup section */
		3EF9E9161BC70FB100D9BA2F = {
			isa = PBXGroup;
			children = (
				3EF9E9211BC70FB200D9BA2F /* Pointer size */,
				3EF9E9201BC70FB200D9BA2F /* Products */,
			);
			sourceTree = "<group>";
		};
		3EF9E9201BC70FB200D9BA2F /* Products */ = {
			isa = PBXGroup;
			children = (
				3EF9E91F1BC70FB200D9BA2F /* Pointer size */,
			);
			name = Products;
			sourceTree = "<group>";
		};
		3EF9E9211BC70FB200D9BA2F /* Pointer size */ = {
			isa = PBXGroup;
			children = (
				3EF9E9221BC70FB200D9BA2F /* main.cpp */,
			);
			path = "Pointer size";
			sourceTree = "<group>";
		};
/* End PBXGroup section */

/* Begin PBXNativeTarget section */
		3EF9E91E1BC70FB100D9BA2F /* Pointer size */ = {
			isa = PBXNativeTarget;
			buildConfigurationList = 3EF9E9261BC70FB200D9BA2F /* Build configuration list for PBXNativeTarget "Pointer size" */;
			buildPhases = (
				3EF9E91B1BC70FB100D9BA2F /* Sources */,
				3EF9E91C1BC70FB100D9BA2F /* Frameworks */,
				3EF9E91D1BC70FB100D9BA2F /* CopyFiles */,
			);
			buildRules = (
			);
			dependencies = (
			);
			name = "Pointer size";
			productName = "Pointer size";
			productReference = 3EF9E91F1BC70FB200D9BA2F /* Pointer size */;
			productType = "com.apple.product-type.tool";
		};
/* End PBXNativeTarget section */

/* Begin PBXProject section */
		3EF9E9171BC70FB100D9BA2F /* Project object */ = {
			isa = PBXProject;
			attributes = {
				LastUpgradeCheck = 0700;
				ORGANIZATIONNAME = "Zhongyan QIU";
				TargetAttributes = {
					3EF9E91E1BC70FB100D9BA2F = {
						CreatedOnToolsVersion = 7.0.1;
					};
				};
			};
			buildConfigurationList = 3EF9E91A1BC70FB100D9BA2F /* Build configuration list for PBXProject "Pointer size" */;
			compatibilityVersion = "Xcode 3.2";
			developmentRegion = English;
			hasScannedForEncodings = 0;
			knownRegions = (
				en,
			);
			mainGroup = 3EF9E9161BC70FB100D9BA2F;
			productRefGroup = 3EF9E9201BC70FB200D9BA2F /* Products */;
			projectDirPath = "";
			projectRoot = "";
			targets = (
				3EF9E91E1BC70FB100D9BA2F /* Pointer size */,
			);
		};
/* End PBXProject section */

/* Begin PBXSourcesBuildPhase section */
		3EF9E91B1BC70FB100D9BA2F /* Sources */ = {
			isa = PBXSourcesBuildPhase;
			buildActionMask = 2147483647;
			files = (
				3EF9E9231BC70FB200D9BA2F /* main.cpp in Sources */,
			);
			runOnlyForDeploymentPostprocessing = 0;
		};
/* End PBXSourcesBuildPhase section */

/* Begin XCBuildConfiguration section */
		3EF9E9241BC70FB200D9BA2F /* Debug */ = {
			isa = XCBuildConfiguration;
			buildSettings = {
				ALWAYS_SEARCH_USER_PATHS = NO;
				CLANG_CXX_LANGUAGE_STANDARD = "gnu++0x";
				CLANG_CXX_LIBRARY = "libc++";
				CLANG_ENABLE_MODULES = YES;
				CLANG_ENABLE_OBJC_ARC = YES;
				CLANG_WARN_BOOL_CONVERSION = YES;
				CLANG_WARN_CONSTANT_CONVERSION = YES;
				CLANG_WARN_DIRECT_OBJC_ISA_USAGE = YES_ERROR;
				CLANG_WARN_EMPTY_BODY = YES;
				CLANG_WARN_ENUM_CONVERSION = YES;
				CLANG_WARN_INT_CONVERSION = YES;
				CLANG_WARN_OBJC_ROOT_CLASS = YES_ERROR;
				CLANG_WARN_UNREACHABLE_CODE = YES;
				CLANG_WARN__DUPLICATE_METHOD_MATCH = YES;
				COPY_PHASE_STRIP = NO;
				DEBUG_INFORMATION_FORMAT = dwarf;
				ENABLE_STRICT_OBJC_MSGSEND = YES;
				ENABLE_TESTABILITY = YES;
				GCC_C_LANGUAGE_STANDARD = gnu99;
				GCC_DYNAMIC_NO_PIC = NO;
				GCC_NO_COMMON_BLOCKS = YES;
				GCC_OPTIMIZATION_LEVEL = 0;
				GCC_PREPROCESSOR_DEFINITIONS = (
					"DEBUG=1",
					"$(inherited)",
				);
				GCC_WARN_64_TO_32_BIT_CONVERSION = YES;
				GCC_WARN_ABOUT_RETURN_TYPE = YES_ERROR;
				GCC_WARN_UNDECLARED_SELECTOR = YES;
				GCC_WARN_UNINITIALIZED_AUTOS = YES_AGGRESSIVE;
				GCC_WARN_UNUSED_FUNCTION = YES;
				GCC_WARN_UNUSED_VARIABLE = YES;
				MACOSX_DEPLOYMENT_TARGET = 10.10;
				MTL_ENABLE_DEBUG_INFO = YES;
				ONLY_ACTIVE_ARCH = YES;
				SDKROOT = macosx;
			};
			name = Debug;
		};
		3EF9E9251BC70FB200D9BA2F /* Release */ = {
			isa = XCBuildConfiguration;
			buildSettings = {
				ALWAYS_SEARCH_USER_PATHS = NO;
				CLANG_CXX_LANGUAGE_STANDARD = "gnu++0x";
				CLANG_CXX_LIBRARY = "libc++";
				CLANG_ENABLE_MODULES = YES;
				CLANG_ENABLE_OBJC_ARC = YES;
				CLANG_WARN_BOOL_CONVERSION = YES;
				CLANG_WARN_CONSTANT_CONVERSION = YES;
				CLANG_WARN_DIRECT_OBJC_ISA_USAGE = YES_ERROR;
				CLANG_WARN_EMPTY_BODY = YES;
				CLANG_WARN_ENUM_CONVERSION = YES;
				CLANG_WARN_INT_CONVERSION = YES;
				CLANG_WARN_OBJC_ROOT_CLASS = YES_ERROR;
				CLANG_WARN_UNREACHABLE_CODE = YES;
				CLANG_WARN__DUPLICATE_METHOD_MATCH = YES;
				COPY_PHASE_STRIP = NO;
				DEBUG_INFORMATION_FORMAT = "dwarf-with-dsym";
				ENABLE_NS_ASSERTIONS = NO;
				ENABLE_STRICT_OBJC_MSGSEND = YES;
				GCC_C_LANGUAGE_STANDARD = gnu99;
				GCC_NO_COMMON_BLOCKS = YES;
				GCC_WARN_64_TO_32_BIT_CONVERSION = YES;
				GCC_WARN_ABOUT_RETURN_TYPE = YES_ERROR;
				GCC_WARN_UNDECLARED_SELECTOR = YES;
				GCC_WARN_UNINITIALIZED_AUTOS = YES_AGGRESSIVE;
				GCC_WARN_UNUSED_FUNCTION = YES;
				GCC_WARN_UNUSED_VARIABLE = YES;
				MACOSX_DEPLOYMENT_TARGET = 10.10;
				MTL_ENABLE_DEBUG_INFO = NO;
				SDKROOT = macosx;
			};
			name = Release;
		};
		3EF9E9271BC70FB200D9BA2F /* Debug */ = {
			isa = XCBuildConfiguration;
			buildSettings = {
				PRODUCT_NAME = "$(TARGET_NAME)";
			};
			name = Debug;
		};
		3EF9E9281BC70FB200D9BA2F /* Release */ = {
			isa = XCBuildConfiguration;
			buildSettings = {
				PRODUCT_NAME = "$(TARGET_NAME)";
			};
			name = Release;
		};
/* End XCBuildConfiguration section */

/* Begin XCConfigurationList section */
		3EF9E91A1BC70FB100D9BA2F /* Build configuration list for PBXProject "Pointer size" */ = {
			isa = XCConfigurationList;
			buildConfigurations = (
				3EF9E9241BC70FB200D9BA2F /* Debug */,
				3EF9E9251BC70FB200D9BA2F /* Release */,
			);
			defaultConfigurationIsVisible = 0;
			defaultConfigurationName = Release;
		};
		3EF9E9261BC70FB200D9BA2F /* Build configuration list for PBXNativeTarget "Pointer size" */ = {
			isa = XCConfigurationList;
			buildConfigurations = (
				3EF9E9271BC70FB200D9BA2F /* Debug */,
				3EF9E9281BC70FB200D9BA2F /* Release */,
			);
			defaultConfigurationIsVisible = 0;
		};
/* End XCConfigurationList section */
	};
	rootObject = 3EF9E9171BC70FB100D9BA2F /* Project object */;
}
